// !$*UTF8*$!
{
	archiveVersion = 1;
	classes = {
	};
	objectVersion = 46;
	objects = {

/* Begin PBXBuildFile section */
		46E1303B1DC77DAF0062D6C0 /* main.m in Sources */ = {isa = PBXBuildFile; fileRef = 46E1303A1DC77DAF0062D6C0 /* main.m */; };
		46E1303E1DC77DAF0062D6C0 /* AppDelegate.m in Sources */ = {isa = PBXBuildFile; fileRef = 46E1303D1DC77DAF0062D6C0 /* AppDelegate.m */; };
		46E130411DC77DAF0062D6C0 /* __.xcdatamodeld in Sources */ = {isa = PBXBuildFile; fileRef = 46E1303F1DC77DAF0062D6C0 /* __.xcdatamodeld */; };
		46E130431DC77DAF0062D6C0 /* Assets.xcassets in Resources */ = {isa = PBXBuildFile; fileRef = 46E130421DC77DAF0062D6C0 /* Assets.xcassets */; };
		46E130461DC77DAF0062D6C0 /* LaunchScreen.storyboard in Resources */ = {isa = PBXBuildFile; fileRef = 46E130441DC77DAF0062D6C0 /* LaunchScreen.storyboard */; };
/* End PBXBuildFile section */

/* Begin PBXFileReference section */
		46E130361DC77DAF0062D6C0 /* 掌柜.app */ = {isa = PBXFileReference; explicitFileType = wrapper.application; includeInIndex = 0; path = "掌柜.app"; sourceTree = BUILT_PRODUCTS_DIR; };
		46E1303A1DC77DAF0062D6C0 /* main.m */ = {isa = PBXFileReference; lastKnownFileType = sourcecode.c.objc; path = main.m; sourceTree = "<group>"; };
		46E1303C1DC77DAF0062D6C0 /* AppDelegate.h */ = {isa = PBXFileReference; lastKnownFileType = sourcecode.c.h; path = AppDelegate.h; sourceTree = "<group>"; };
		46E1303D1DC77DAF0062D6C0 /* AppDelegate.m */ = {isa = PBXFileReference; lastKnownFileType = sourcecode.c.objc; path = AppDelegate.m; sourceTree = "<group>"; };
		46E130401DC77DAF0062D6C0 /* __.xcdatamodel */ = {isa = PBXFileReference; lastKnownFileType = wrapper.xcdatamodel; path = __.xcdatamodel; sourceTree = "<group>"; };
		46E130421DC77DAF0062D6C0 /* Assets.xcassets */ = {isa = PBXFileReference; lastKnownFileType = folder.assetcatalog; path = Assets.xcassets; sourceTree = "<group>"; };
		46E130451DC77DAF0062D6C0 /* Base */ = {isa = PBXFileReference; lastKnownFileType = file.storyboard; name = Base; path = Base.lproj/LaunchScreen.storyboard; sourceTree = "<group>"; };
		46E130471DC77DAF0062D6C0 /* Info.plist */ = {isa = PBXFileReference; lastKnownFileType = text.plist.xml; path = Info.plist; sourceTree = "<group>"; };
/* End PBXFileReference section */

/* Begin PBXFrameworksBuildPhase section */
		46E130331DC77DAF0062D6C0 /* Frameworks */ = {
			isa = PBXFrameworksBuildPhase;
			buildActionMask = 2147483647;
			files = (
			);
			runOnlyForDeploymentPostprocessing = 0;
		};
/* End PBXFrameworksBuildPhase section */

/* Begin PBXGroup section */
		46E1302D1DC77DAF0062D6C0 = {
			isa = PBXGroup;
			children = (
				46E130381DC77DAF0062D6C0 /* 掌柜 */,
				46E130371DC77DAF0062D6C0 /* Products */,
			);
			sourceTree = "<group>";
		};
		46E130371DC77DAF0062D6C0 /* Products */ = {
			isa = PBXGroup;
			children = (
				46E130361DC77DAF0062D6C0 /* 掌柜.app */,
			);
			name = Products;
			sourceTree = "<group>";
		};
		46E130381DC77DAF0062D6C0 /* 掌柜 */ = {
			isa = PBXGroup;
			children = (
				46E1303C1DC77DAF0062D6C0 /* AppDelegate.h */,
				46E1303D1DC77DAF0062D6C0 /* AppDelegate.m */,
				46E130421DC77DAF0062D6C0 /* Assets.xcassets */,
				46E130441DC77DAF0062D6C0 /* LaunchScreen.storyboard */,
				46E130471DC77DAF0062D6C0 /* Info.plist */,
				46E1303F1DC77DAF0062D6C0 /* __.xcdatamodeld */,
				46E130391DC77DAF0062D6C0 /* Supporting Files */,
			);
			path = "掌柜";
			sourceTree = "<group>";
		};
		46E130391DC77DAF0062D6C0 /* Supporting Files */ = {
			isa = PBXGroup;
			children = (
				46E1303A1DC77DAF0062D6C0 /* main.m */,
			);
			name = "Supporting Files";
			sourceTree = "<group>";
		};
/* End PBXGroup section */

/* Begin PBXNativeTarget section */
		46E130351DC77DAF0062D6C0 /* 掌柜 */ = {
			isa = PBXNativeTarget;
			buildConfigurationList = 46E1304A1DC77DAF0062D6C0 /* Build configuration list for PBXNativeTarget "掌柜" */;
			buildPhases = (
				46E130321DC77DAF0062D6C0 /* Sources */,
				46E130331DC77DAF0062D6C0 /* Frameworks */,
				46E130341DC77DAF0062D6C0 /* Resources */,
			);
			buildRules = (
			);
			dependencies = (
			);
			name = "掌柜";
			productName = "掌柜";
			productReference = 46E130361DC77DAF0062D6C0 /* 掌柜.app */;
			productType = "com.apple.product-type.application";
		};
/* End PBXNativeTarget section */

/* Begin PBXProject section */
		46E1302E1DC77DAF0062D6C0 /* Project object */ = {
			isa = PBXProject;
			attributes = {
				LastUpgradeCheck = 0720;
				ORGANIZATIONNAME = yubing;
				TargetAttributes = {
					46E130351DC77DAF0062D6C0 = {
						CreatedOnToolsVersion = 7.2;
					};
				};
			};
			buildConfigurationList = 46E130311DC77DAF0062D6C0 /* Build configuration list for PBXProject "掌柜" */;
			compatibilityVersion = "Xcode 3.2";
			developmentRegion = English;
			hasScannedForEncodings = 0;
			knownRegions = (
				en,
				Base,
			);
			mainGroup = 46E1302D1DC77DAF0062D6C0;
			productRefGroup = 46E130371DC77DAF0062D6C0 /* Products */;
			projectDirPath = "";
			projectRoot = "";
			targets = (
				46E130351DC77DAF0062D6C0 /* 掌柜 */,
			);
		};
/* End PBXProject section */

/* Begin PBXResourcesBuildPhase section */
		46E130341DC77DAF0062D6C0 /* Resources */ = {
			isa = PBXResourcesBuildPhase;
			buildActionMask = 2147483647;
			files = (
				46E130431DC77DAF0062D6C0 /* Assets.xcassets in Resources */,
				46E130461DC77DAF0062D6C0 /* LaunchScreen.storyboard in Resources */,
			);
			runOnlyForDeploymentPostprocessing = 0;
		};
/* End PBXResourcesBuildPhase section */

/* Begin PBXSourcesBuildPhase section */
		46E130321DC77DAF0062D6C0 /* Sources */ = {
			isa = PBXSourcesBuildPhase;
			buildActionMask = 2147483647;
			files = (
				46E130411DC77DAF0062D6C0 /* __.xcdatamodeld in Sources */,
				46E1303E1DC77DAF0062D6C0 /* AppDelegate.m in Sources */,
				46E1303B1DC77DAF0062D6C0 /* main.m in Sources */,
			);
			runOnlyForDeploymentPostprocessing = 0;
		};
/* End PBXSourcesBuildPhase section */

/* Begin PBXVariantGroup section */
		46E130441DC77DAF0062D6C0 /* LaunchScreen.storyboard */ = {
			isa = PBXVariantGroup;
			children = (
				46E130451DC77DAF0062D6C0 /* Base */,
			);
			name = LaunchScreen.storyboard;
			sourceTree = "<group>";
		};
/* End PBXVariantGroup section */

/* Begin XCBuildConfiguration section */
		46E130481DC77DAF0062D6C0 /* Debug */ = {
			isa = XCBuildConfiguration;
			buildSettings = {
				ALWAYS_SEARCH_USER_PATHS = NO;
				CLANG_CXX_LANGUAGE_STANDARD = "gnu++0x";
				CLANG_CXX_LIBRARY = "libc++";
				CLANG_ENABLE_MODULES = YES;
				CLANG_ENABLE_OBJC_ARC = YES;
				CLANG_WARN_BOOL_CONVERSION = YES;
				CLANG_WARN_CONSTANT_CONVERSION = YES;
				CLANG_WARN_DIRECT_OBJC_ISA_USAGE = YES_ERROR;
				CLANG_WARN_EMPTY_BODY = YES;
				CLANG_WARN_ENUM_CONVERSION = YES;
				CLANG_WARN_INT_CONVERSION = YES;
				CLANG_WARN_OBJC_ROOT_CLASS = YES_ERROR;
				CLANG_WARN_UNREACHABLE_CODE = YES;
				CLANG_WARN__DUPLICATE_METHOD_MATCH = YES;
				"CODE_SIGN_IDENTITY[sdk=iphoneos*]" = "iPhone Developer";
				COPY_PHASE_STRIP = NO;
				DEBUG_INFORMATION_FORMAT = dwarf;
				ENABLE_STRICT_OBJC_MSGSEND = YES;
				ENABLE_TESTABILITY = YES;
				GCC_C_LANGUAGE_STANDARD = gnu99;
				GCC_DYNAMIC_NO_PIC = NO;
				GCC_NO_COMMON_BLOCKS = YES;
				GCC_OPTIMIZATION_LEVEL = 0;
				GCC_PREPROCESSOR_DEFINITIONS = (
					"DEBUG=1",
					"$(inherited)",
				);
				GCC_WARN_64_TO_32_BIT_CONVERSION = YES;
				GCC_WARN_ABOUT_RETURN_TYPE = YES_ERROR;
				GCC_WARN_UNDECLARED_SELECTOR = YES;
				GCC_WARN_UNINITIALIZED_AUTOS = YES_AGGRESSIVE;
				GCC_WARN_UNUSED_FUNCTION = YES;
				GCC_WARN_UNUSED_VARIABLE = YES;
				IPHONEOS_DEPLOYMENT_TARGET = 9.2;
				MTL_ENABLE_DEBUG_INFO = YES;
				ONLY_ACTIVE_ARCH = YES;
				SDKROOT = iphoneos;
				TARGETED_DEVICE_FAMILY = "1,2";
			};
			name = Debug;
		};
		46E130491DC77DAF0062D6C0 /* Release */ = {
			isa = XCBuildConfiguration;
			buildSettings = {
				ALWAYS_SEARCH_USER_PATHS = NO;
				CLANG_CXX_LANGUAGE_STANDARD = "gnu++0x";
				CLANG_CXX_LIBRARY = "libc++";
				CLANG_ENABLE_MODULES = YES;
				CLANG_ENABLE_OBJC_ARC = YES;
				CLANG_WARN_BOOL_CONVERSION = YES;
				CLANG_WARN_CONSTANT_CONVERSION = YES;
				CLANG_WARN_DIRECT_OBJC_ISA_USAGE = YES_ERROR;
				CLANG_WARN_EMPTY_BODY = YES;
				CLANG_WARN_ENUM_CONVERSION = YES;
				CLANG_WARN_INT_CONVERSION = YES;
				CLANG_WARN_OBJC_ROOT_CLASS = YES_ERROR;
				CLANG_WARN_UNREACHABLE_CODE = YES;
				CLANG_WARN__DUPLICATE_METHOD_MATCH = YES;
				"CODE_SIGN_IDENTITY[sdk=iphoneos*]" = "iPhone Developer";
				COPY_PHASE_STRIP = NO;
				DEBUG_INFORMATION_FORMAT = "dwarf-with-dsym";
				ENABLE_NS_ASSERTIONS = NO;
				ENABLE_STRICT_OBJC_MSGSEND = YES;
				GCC_C_LANGUAGE_STANDARD = gnu99;
				GCC_NO_COMMON_BLOCKS = YES;
				GCC_WARN_64_TO_32_BIT_CONVERSION = YES;
				GCC_WARN_ABOUT_RETURN_TYPE = YES_ERROR;
				GCC_WARN_UNDECLARED_SELECTOR = YES;
				GCC_WARN_UNINITIALIZED_AUTOS = YES_AGGRESSIVE;
				GCC_WARN_UNUSED_FUNCTION = YES;
				GCC_WARN_UNUSED_VARIABLE = YES;
				IPHONEOS_DEPLOYMENT_TARGET = 9.2;
				MTL_ENABLE_DEBUG_INFO = NO;
				SDKROOT = iphoneos;
				TARGETED_DEVICE_FAMILY = "1,2";
				VALIDATE_PRODUCT = YES;
			};
			name = Release;
		};
		46E1304B1DC77DAF0062D6C0 /* Debug */ = {
			isa = XCBuildConfiguration;
			buildSettings = {
				ASSETCATALOG_COMPILER_APPICON_NAME = AppIcon;
				INFOPLIST_FILE = "掌柜/Info.plist";
				LD_RUNPATH_SEARCH_PATHS = "$(inherited) @executable_path/Frameworks";
				PRODUCT_BUNDLE_IDENTIFIER = "self.com.--";
				PRODUCT_NAME = "$(TARGET_NAME)";
			};
			name = Debug;
		};
		46E1304C1DC77DAF0062D6C0 /* Release */ = {
			isa = XCBuildConfiguration;
			buildSettings = {
				ASSETCATALOG_COMPILER_APPICON_NAME = AppIcon;
				INFOPLIST_FILE = "掌柜/Info.plist";
				LD_RUNPATH_SEARCH_PATHS = "$(inherited) @executable_path/Frameworks";
				PRODUCT_BUNDLE_IDENTIFIER = "self.com.--";
				PRODUCT_NAME = "$(TARGET_NAME)";
			};
			name = Release;
		};
/* End XCBuildConfiguration section */

/* Begin XCConfigurationList section */
		46E130311DC77DAF0062D6C0 /* Build configuration list for PBXProject "掌柜" */ = {
			isa = XCConfigurationList;
			buildConfigurations = (
				46E130481DC77DAF0062D6C0 /* Debug */,
				46E130491DC77DAF0062D6C0 /* Release */,
			);
			defaultConfigurationIsVisible = 0;
			defaultConfigurationName = Release;
		};
		46E1304A1DC77DAF0062D6C0 /* Build configuration list for PBXNativeTarget "掌柜" */ = {
			isa = XCConfigurationList;
			buildConfigurations = (
				46E1304B1DC77DAF0062D6C0 /* Debug */,
				46E1304C1DC77DAF0062D6C0 /* Release */,
			);
			defaultConfigurationIsVisible = 0;
		};
/* End XCConfigurationList section */

/* Begin XCVersionGroup section */
		46E1303F1DC77DAF0062D6C0 /* __.xcdatamodeld */ = {
			isa = XCVersionGroup;
			children = (
				46E130401DC77DAF0062D6C0 /* __.xcdatamodel */,
			);
			currentVersion = 46E130401DC77DAF0062D6C0 /* __.xcdatamodel */;
			path = __.xcdatamodeld;
			sourceTree = "<group>";
			versionGroupType = wrapper.xcdatamodel;
		};
/* End XCVersionGroup section */
	};
	rootObject = 46E1302E1DC77DAF0062D6C0 /* Project object */;
}
